
Microsoft Visual Studio Solution File, Format Version 9.00
# Visual Studio 2005
Project("{8BC9CEB8-8B4A-11D0-8D11-00A0C91BC942}") = "PicManager", "PicManager\PicManager.vcproj", "{7E465641-3F70-47D2-A60E-BA79B77EDDD2}"
EndProject
Global
	GlobalSection(SolutionConfigurationPlatforms) = preSolution
		Debug|Win32 = Debug|Win32
		Release|Win32 = Release|Win32
	EndGlobalSection
	GlobalSection(ProjectConfigurationPlatforms) = postSolution
		{7E465641-3F70-47D2-A60E-BA79B77EDDD2}.Debug|Win32.ActiveCfg = Debug|Win32
		{7E465641-3F70-47D2-A60E-BA79B77EDDD2}.Debug|Win32.Build.0 = Debug|Win32
		{7E465641-3F70-47D2-A60E-BA79B77EDDD2}.Release|Win32.ActiveCfg = Release|Win32
		{7E465641-3F70-47D2-A60E-BA79B77EDDD2}.Release|Win32.Build.0 = Release|Win32
	EndGlobalSection
	GlobalSection(SolutionProperties) = preSolution
		HideSolutionNode = FALSE
	EndGlobalSection
EndGlobal
